PODS:
  - Alamofire (5.5.0)
  - Kingfisher (7.1.2)
  - ReachabilitySwift (5.0.0)

DEPENDENCIES:
  - Alamofire (~> 5.5)
  - Kingfisher (~> 7.0)
  - ReachabilitySwift

SPEC REPOS:
  https://github.com/CocoaPods/Specs.git:
    - Alamofire
    - Kingfisher
    - ReachabilitySwift

SPEC CHECKSUMS:
  Alamofire: 1c4fb5369c3fe93d2857c780d8bbe09f06f97e7c
  Kingfisher: 44ed6a8504763f27bab46163adfac83f5deb240c
  ReachabilitySwift: 985039c6f7b23a1da463388634119492ff86c825

PODFILE CHECKSUM: a6ab76d42935861bd494fca9115feb5bd663d176

COCOAPODS: 1.11.2
